
Microsoft Visual Studio Solution File, Format Version 12.00
# Visual Studio Version 16
VisualStudioVersion = 16.0.31321.278
MinimumVisualStudioVersion = 10.0.40219.1
Project("{FAE04EC0-301F-11D3-BF4B-00C04F79EFBC}") = "MonitorGas.GasManagement.Web", "MonitorGas.GasManagement.Web\MonitorGas.GasManagement.Web.csproj", "{710896C9-DD26-4A75-B6BA-BF4228887777}"
EndProject
Project("{FAE04EC0-301F-11D3-BF4B-00C04F79EFBC}") = "MonitorGas.GasManagement.Data", "MonitorGas.GasManagement.Data\MonitorGas.GasManagement.Data.csproj", "{AE6AF9C4-A144-4B0D-9553-0F11105BB0D1}"
EndProject
Project("{FAE04EC0-301F-11D3-BF4B-00C04F79EFBC}") = "MonitorGas.GasManagement.Application", "MonitorGas.GasManagement.Application\MonitorGas.GasManagement.Application.csproj", "{84E76CD6-29B9-4B09-BDA1-15ADFEF78C47}"
EndProject
Global
	GlobalSection(SolutionConfigurationPlatforms) = preSolution
		Debug|Any CPU = Debug|Any CPU
		Release|Any CPU = Release|Any CPU
	EndGlobalSection
	GlobalSection(ProjectConfigurationPlatforms) = postSolution
		{710896C9-DD26-4A75-B6BA-BF4228887777}.Debug|Any CPU.ActiveCfg = Debug|Any CPU
		{710896C9-DD26-4A75-B6BA-BF4228887777}.Debug|Any CPU.Build.0 = Debug|Any CPU
		{710896C9-DD26-4A75-B6BA-BF4228887777}.Release|Any CPU.ActiveCfg = Release|Any CPU
		{710896C9-DD26-4A75-B6BA-BF4228887777}.Release|Any CPU.Build.0 = Release|Any CPU
		{AE6AF9C4-A144-4B0D-9553-0F11105BB0D1}.Debug|Any CPU.ActiveCfg = Debug|Any CPU
		{AE6AF9C4-A144-4B0D-9553-0F11105BB0D1}.Debug|Any CPU.Build.0 = Debug|Any CPU
		{AE6AF9C4-A144-4B0D-9553-0F11105BB0D1}.Release|Any CPU.ActiveCfg = Release|Any CPU
		{AE6AF9C4-A144-4B0D-9553-0F11105BB0D1}.Release|Any CPU.Build.0 = Release|Any CPU
		{84E76CD6-29B9-4B09-BDA1-15ADFEF78C47}.Debug|Any CPU.ActiveCfg = Debug|Any CPU
		{84E76CD6-29B9-4B09-BDA1-15ADFEF78C47}.Debug|Any CPU.Build.0 = Debug|Any CPU
		{84E76CD6-29B9-4B09-BDA1-15ADFEF78C47}.Release|Any CPU.ActiveCfg = Release|Any CPU
		{84E76CD6-29B9-4B09-BDA1-15ADFEF78C47}.Release|Any CPU.Build.0 = Release|Any CPU
	EndGlobalSection
	GlobalSection(SolutionProperties) = preSolution
		HideSolutionNode = FALSE
	EndGlobalSection
	GlobalSection(ExtensibilityGlobals) = postSolution
		SolutionGuid = {D8FFE57E-1691-42CD-BB10-95695BC640F6}
	EndGlobalSection
EndGlobal
